Microsoft Visual Studio Solution File, Format Version 12.00
# Visual Studio Version 17
VisualStudioVersion = 17.5.2.0
MinimumVisualStudioVersion = 10.0.40219.1
Project("{2150E333-8FDC-42A3-9474-1A3956D46DE8}") = "mods", "mods", "{ED7DE66D-1FF1-BCCD-393E-2D4AFCA661A0}"
EndProject
Project("{2150E333-8FDC-42A3-9474-1A3956D46DE8}") = "CrossCharacterCard", "CrossCharacterCard", "{FC0AF1FD-8E58-0F24-637C-2C9E7D81F0F9}"
EndProject
Project("{2150E333-8FDC-42A3-9474-1A3956D46DE8}") = "src", "src", "{E2D4E9F7-5588-C74D-43A0-9B63B5B6EC84}"
EndProject
Project("{FAE04EC0-301F-11D3-BF4B-00C04F79EFBC}") = "CrossCharacterCard", "mods\CrossCharacterCard\src\CrossCharacterCard.csproj", "{95CF29E5-6210-5BB8-3343-73001598B9ED}"
EndProject
Project("{2150E333-8FDC-42A3-9474-1A3956D46DE8}") = "SmokeMod", "SmokeMod", "{81CCE293-E54B-69E6-77B2-A305F4504A42}"
EndProject
Project("{2150E333-8FDC-42A3-9474-1A3956D46DE8}") = "src", "src", "{2B5590EB-5623-F8B2-BB5F-C8C9921B0DE2}"
EndProject
Project("{FAE04EC0-301F-11D3-BF4B-00C04F79EFBC}") = "SmokeMod", "mods\SmokeMod\src\SmokeMod.csproj", "{C624DB5C-966E-DB21-E38B-D152A849578F}"
EndProject
Project("{2150E333-8FDC-42A3-9474-1A3956D46DE8}") = "UnifiedSavePath", "UnifiedSavePath", "{0309FE0E-38B1-AE6B-563A-9FB0196382F8}"
EndProject
Project("{2150E333-8FDC-42A3-9474-1A3956D46DE8}") = "src", "src", "{B9E32AAA-DF97-A3F5-8A1C-D1BB0FC2BA92}"
EndProject
Project("{FAE04EC0-301F-11D3-BF4B-00C04F79EFBC}") = "UnifiedSavePath", "mods\UnifiedSavePath\src\UnifiedSavePath.csproj", "{472EB6F5-888B-685A-6404-3FF6DD63804A}"
EndProject
Global
	GlobalSection(SolutionConfigurationPlatforms) = preSolution
		Debug|Any CPU = Debug|Any CPU
		Release|Any CPU = Release|Any CPU
	EndGlobalSection
	GlobalSection(ProjectConfigurationPlatforms) = postSolution
		{95CF29E5-6210-5BB8-3343-73001598B9ED}.Debug|Any CPU.ActiveCfg = Debug|Any CPU
		{95CF29E5-6210-5BB8-3343-73001598B9ED}.Debug|Any CPU.Build.0 = Debug|Any CPU
		{95CF29E5-6210-5BB8-3343-73001598B9ED}.Release|Any CPU.ActiveCfg = Release|Any CPU
		{95CF29E5-6210-5BB8-3343-73001598B9ED}.Release|Any CPU.Build.0 = Release|Any CPU
		{C624DB5C-966E-DB21-E38B-D152A849578F}.Debug|Any CPU.ActiveCfg = Debug|Any CPU
		{C624DB5C-966E-DB21-E38B-D152A849578F}.Debug|Any CPU.Build.0 = Debug|Any CPU
		{C624DB5C-966E-DB21-E38B-D152A849578F}.Release|Any CPU.ActiveCfg = Release|Any CPU
		{C624DB5C-966E-DB21-E38B-D152A849578F}.Release|Any CPU.Build.0 = Release|Any CPU
		{472EB6F5-888B-685A-6404-3FF6DD63804A}.Debug|Any CPU.ActiveCfg = Debug|Any CPU
		{472EB6F5-888B-685A-6404-3FF6DD63804A}.Debug|Any CPU.Build.0 = Debug|Any CPU
		{472EB6F5-888B-685A-6404-3FF6DD63804A}.Release|Any CPU.ActiveCfg = Release|Any CPU
		{472EB6F5-888B-685A-6404-3FF6DD63804A}.Release|Any CPU.Build.0 = Release|Any CPU
	EndGlobalSection
	GlobalSection(SolutionProperties) = preSolution
		HideSolutionNode = FALSE
	EndGlobalSection
	GlobalSection(NestedProjects) = preSolution
		{FC0AF1FD-8E58-0F24-637C-2C9E7D81F0F9} = {ED7DE66D-1FF1-BCCD-393E-2D4AFCA661A0}
		{E2D4E9F7-5588-C74D-43A0-9B63B5B6EC84} = {FC0AF1FD-8E58-0F24-637C-2C9E7D81F0F9}
		{95CF29E5-6210-5BB8-3343-73001598B9ED} = {E2D4E9F7-5588-C74D-43A0-9B63B5B6EC84}
		{81CCE293-E54B-69E6-77B2-A305F4504A42} = {ED7DE66D-1FF1-BCCD-393E-2D4AFCA661A0}
		{2B5590EB-5623-F8B2-BB5F-C8C9921B0DE2} = {81CCE293-E54B-69E6-77B2-A305F4504A42}
		{C624DB5C-966E-DB21-E38B-D152A849578F} = {2B5590EB-5623-F8B2-BB5F-C8C9921B0DE2}
		{0309FE0E-38B1-AE6B-563A-9FB0196382F8} = {ED7DE66D-1FF1-BCCD-393E-2D4AFCA661A0}
		{B9E32AAA-DF97-A3F5-8A1C-D1BB0FC2BA92} = {0309FE0E-38B1-AE6B-563A-9FB0196382F8}
		{472EB6F5-888B-685A-6404-3FF6DD63804A} = {B9E32AAA-DF97-A3F5-8A1C-D1BB0FC2BA92}
	EndGlobalSection
	GlobalSection(ExtensibilityGlobals) = postSolution
		SolutionGuid = {281D06DA-013B-4889-9EB0-C742EE07F236}
	EndGlobalSection
EndGlobal
